
Microsoft Visual Studio Solution File, Format Version 12.00
# Visual Studio Version 17
VisualStudioVersion = 17.6.33815.320
MinimumVisualStudioVersion = 10.0.40219.1
Project("{FAE04EC0-301F-11D3-BF4B-00C04F79EFBC}") = "POO-Heritage3", "POO-Heritage3\POO-Heritage3.csproj", "{7B494FF4-BBC1-4371-B237-3F46F5034803}"
EndProject
Global
	GlobalSection(SolutionConfigurationPlatforms) = preSolution
		Debug|Any CPU = Debug|Any CPU
		Release|Any CPU = Release|Any CPU
	EndGlobalSection
	GlobalSection(ProjectConfigurationPlatforms) = postSolution
		{7B494FF4-BBC1-4371-B237-3F46F5034803}.Debug|Any CPU.ActiveCfg = Debug|Any CPU
		{7B494FF4-BBC1-4371-B237-3F46F5034803}.Debug|Any CPU.Build.0 = Debug|Any CPU
		{7B494FF4-BBC1-4371-B237-3F46F5034803}.Release|Any CPU.ActiveCfg = Release|Any CPU
		{7B494FF4-BBC1-4371-B237-3F46F5034803}.Release|Any CPU.Build.0 = Release|Any CPU
	EndGlobalSection
	GlobalSection(SolutionProperties) = preSolution
		HideSolutionNode = FALSE
	EndGlobalSection
	GlobalSection(ExtensibilityGlobals) = postSolution
		SolutionGuid = {050AB29A-FB6E-4686-979A-9434B32A845A}
	EndGlobalSection
EndGlobal
