
Microsoft Visual Studio Solution File, Format Version 12.00
# Visual Studio Version 17
VisualStudioVersion = 17.6.33815.320
MinimumVisualStudioVersion = 10.0.40219.1
Project("{FAE04EC0-301F-11D3-BF4B-00C04F79EFBC}") = "NathanM_Act0(3)", "NathanM_Act0(3)\NathanM_Act0(3).csproj", "{E077EED7-4850-4E69-A4F2-846A4A628CE0}"
EndProject
Global
	GlobalSection(SolutionConfigurationPlatforms) = preSolution
		Debug|Any CPU = Debug|Any CPU
		Release|Any CPU = Release|Any CPU
	EndGlobalSection
	GlobalSection(ProjectConfigurationPlatforms) = postSolution
		{E077EED7-4850-4E69-A4F2-846A4A628CE0}.Debug|Any CPU.ActiveCfg = Debug|Any CPU
		{E077EED7-4850-4E69-A4F2-846A4A628CE0}.Debug|Any CPU.Build.0 = Debug|Any CPU
		{E077EED7-4850-4E69-A4F2-846A4A628CE0}.Release|Any CPU.ActiveCfg = Release|Any CPU
		{E077EED7-4850-4E69-A4F2-846A4A628CE0}.Release|Any CPU.Build.0 = Release|Any CPU
	EndGlobalSection
	GlobalSection(SolutionProperties) = preSolution
		HideSolutionNode = FALSE
	EndGlobalSection
	GlobalSection(ExtensibilityGlobals) = postSolution
		SolutionGuid = {5ACC0B39-493A-4B76-BB7C-4E589418535F}
	EndGlobalSection
EndGlobal
