
Microsoft Visual Studio Solution File, Format Version 12.00
# Visual Studio Version 17
VisualStudioVersion = 17.6.33815.320
MinimumVisualStudioVersion = 10.0.40219.1
Project("{FAE04EC0-301F-11D3-BF4B-00C04F79EFBC}") = "NathanM_Agencement(2)", "NathanM_Agencement(2)\NathanM_Agencement(2).csproj", "{0C1CB628-CC61-4B38-8EB2-E979D18D8A61}"
EndProject
Global
	GlobalSection(SolutionConfigurationPlatforms) = preSolution
		Debug|Any CPU = Debug|Any CPU
		Release|Any CPU = Release|Any CPU
	EndGlobalSection
	GlobalSection(ProjectConfigurationPlatforms) = postSolution
		{0C1CB628-CC61-4B38-8EB2-E979D18D8A61}.Debug|Any CPU.ActiveCfg = Debug|Any CPU
		{0C1CB628-CC61-4B38-8EB2-E979D18D8A61}.Debug|Any CPU.Build.0 = Debug|Any CPU
		{0C1CB628-CC61-4B38-8EB2-E979D18D8A61}.Release|Any CPU.ActiveCfg = Release|Any CPU
		{0C1CB628-CC61-4B38-8EB2-E979D18D8A61}.Release|Any CPU.Build.0 = Release|Any CPU
	EndGlobalSection
	GlobalSection(SolutionProperties) = preSolution
		HideSolutionNode = FALSE
	EndGlobalSection
	GlobalSection(ExtensibilityGlobals) = postSolution
		SolutionGuid = {841C0ED4-57DC-4E4A-8BBB-06DD36692D4C}
	EndGlobalSection
EndGlobal
