
Microsoft Visual Studio Solution File, Format Version 12.00
# Visual Studio Version 17
VisualStudioVersion = 17.6.33815.320
MinimumVisualStudioVersion = 10.0.40219.1
Project("{FAE04EC0-301F-11D3-BF4B-00C04F79EFBC}") = "CE_UAA14WPF24Rattrapage_Massart", "CE_UAA14WPF24Rattrapage_Massart\CE_UAA14WPF24Rattrapage_Massart.csproj", "{E8E2B3DC-4B49-4BC8-8860-41DED923DDC3}"
EndProject
Global
	GlobalSection(SolutionConfigurationPlatforms) = preSolution
		Debug|Any CPU = Debug|Any CPU
		Release|Any CPU = Release|Any CPU
	EndGlobalSection
	GlobalSection(ProjectConfigurationPlatforms) = postSolution
		{E8E2B3DC-4B49-4BC8-8860-41DED923DDC3}.Debug|Any CPU.ActiveCfg = Debug|Any CPU
		{E8E2B3DC-4B49-4BC8-8860-41DED923DDC3}.Debug|Any CPU.Build.0 = Debug|Any CPU
		{E8E2B3DC-4B49-4BC8-8860-41DED923DDC3}.Release|Any CPU.ActiveCfg = Release|Any CPU
		{E8E2B3DC-4B49-4BC8-8860-41DED923DDC3}.Release|Any CPU.Build.0 = Release|Any CPU
	EndGlobalSection
	GlobalSection(SolutionProperties) = preSolution
		HideSolutionNode = FALSE
	EndGlobalSection
	GlobalSection(ExtensibilityGlobals) = postSolution
		SolutionGuid = {90692709-643F-4594-9842-A9ADA836A5DD}
	EndGlobalSection
EndGlobal
