
Microsoft Visual Studio Solution File, Format Version 12.00
# Visual Studio Version 17
VisualStudioVersion = 17.6.33815.320
MinimumVisualStudioVersion = 10.0.40219.1
Project("{FAE04EC0-301F-11D3-BF4B-00C04F79EFBC}") = "NathanM_Events", "NathanM_Events\NathanM_Events.csproj", "{1DC43AD9-0A77-45F4-9F3B-175BED0B5013}"
EndProject
Global
	GlobalSection(SolutionConfigurationPlatforms) = preSolution
		Debug|Any CPU = Debug|Any CPU
		Release|Any CPU = Release|Any CPU
	EndGlobalSection
	GlobalSection(ProjectConfigurationPlatforms) = postSolution
		{1DC43AD9-0A77-45F4-9F3B-175BED0B5013}.Debug|Any CPU.ActiveCfg = Debug|Any CPU
		{1DC43AD9-0A77-45F4-9F3B-175BED0B5013}.Debug|Any CPU.Build.0 = Debug|Any CPU
		{1DC43AD9-0A77-45F4-9F3B-175BED0B5013}.Release|Any CPU.ActiveCfg = Release|Any CPU
		{1DC43AD9-0A77-45F4-9F3B-175BED0B5013}.Release|Any CPU.Build.0 = Release|Any CPU
	EndGlobalSection
	GlobalSection(SolutionProperties) = preSolution
		HideSolutionNode = FALSE
	EndGlobalSection
	GlobalSection(ExtensibilityGlobals) = postSolution
		SolutionGuid = {86199F04-211E-417A-815E-F917A7AA446E}
	EndGlobalSection
EndGlobal
