
Microsoft Visual Studio Solution File, Format Version 12.00
# Visual Studio Version 17
VisualStudioVersion = 17.6.33815.320
MinimumVisualStudioVersion = 10.0.40219.1
Project("{FAE04EC0-301F-11D3-BF4B-00C04F79EFBC}") = "NathanM_ActPoo3", "NathanM_ActPoo3\NathanM_ActPoo3.csproj", "{21773F98-C2C9-45AE-911E-20A8D546767E}"
EndProject
Global
	GlobalSection(SolutionConfigurationPlatforms) = preSolution
		Debug|Any CPU = Debug|Any CPU
		Release|Any CPU = Release|Any CPU
	EndGlobalSection
	GlobalSection(ProjectConfigurationPlatforms) = postSolution
		{21773F98-C2C9-45AE-911E-20A8D546767E}.Debug|Any CPU.ActiveCfg = Debug|Any CPU
		{21773F98-C2C9-45AE-911E-20A8D546767E}.Debug|Any CPU.Build.0 = Debug|Any CPU
		{21773F98-C2C9-45AE-911E-20A8D546767E}.Release|Any CPU.ActiveCfg = Release|Any CPU
		{21773F98-C2C9-45AE-911E-20A8D546767E}.Release|Any CPU.Build.0 = Release|Any CPU
	EndGlobalSection
	GlobalSection(SolutionProperties) = preSolution
		HideSolutionNode = FALSE
	EndGlobalSection
	GlobalSection(ExtensibilityGlobals) = postSolution
		SolutionGuid = {1DBEBCC3-3F24-4D56-95C8-A4652BBCACD7}
	EndGlobalSection
EndGlobal
