
Microsoft Visual Studio Solution File, Format Version 12.00
# Visual Studio Version 17
VisualStudioVersion = 17.6.33815.320
MinimumVisualStudioVersion = 10.0.40219.1
Project("{FAE04EC0-301F-11D3-BF4B-00C04F79EFBC}") = "WPF_Damiers", "WPF_Damiers\WPF_Damiers.csproj", "{1A6166C8-CC94-46D0-A5DD-7261B5D31513}"
EndProject
Global
	GlobalSection(SolutionConfigurationPlatforms) = preSolution
		Debug|Any CPU = Debug|Any CPU
		Release|Any CPU = Release|Any CPU
	EndGlobalSection
	GlobalSection(ProjectConfigurationPlatforms) = postSolution
		{1A6166C8-CC94-46D0-A5DD-7261B5D31513}.Debug|Any CPU.ActiveCfg = Debug|Any CPU
		{1A6166C8-CC94-46D0-A5DD-7261B5D31513}.Debug|Any CPU.Build.0 = Debug|Any CPU
		{1A6166C8-CC94-46D0-A5DD-7261B5D31513}.Release|Any CPU.ActiveCfg = Release|Any CPU
		{1A6166C8-CC94-46D0-A5DD-7261B5D31513}.Release|Any CPU.Build.0 = Release|Any CPU
	EndGlobalSection
	GlobalSection(SolutionProperties) = preSolution
		HideSolutionNode = FALSE
	EndGlobalSection
	GlobalSection(ExtensibilityGlobals) = postSolution
		SolutionGuid = {B0E87497-6B14-4BAD-A16D-6FFB39FDA6A3}
	EndGlobalSection
EndGlobal
