
Microsoft Visual Studio Solution File, Format Version 12.00
# Visual Studio Version 17
VisualStudioVersion = 17.6.33815.320
MinimumVisualStudioVersion = 10.0.40219.1
Project("{FAE04EC0-301F-11D3-BF4B-00C04F79EFBC}") = "CE_UAA14WPF24_Massart", "CE_UAA14WPF24_Massart\CE_UAA14WPF24_Massart.csproj", "{672F1862-6870-4B1F-B21F-A013D5C819CC}"
EndProject
Global
	GlobalSection(SolutionConfigurationPlatforms) = preSolution
		Debug|Any CPU = Debug|Any CPU
		Release|Any CPU = Release|Any CPU
	EndGlobalSection
	GlobalSection(ProjectConfigurationPlatforms) = postSolution
		{672F1862-6870-4B1F-B21F-A013D5C819CC}.Debug|Any CPU.ActiveCfg = Debug|Any CPU
		{672F1862-6870-4B1F-B21F-A013D5C819CC}.Debug|Any CPU.Build.0 = Debug|Any CPU
		{672F1862-6870-4B1F-B21F-A013D5C819CC}.Release|Any CPU.ActiveCfg = Release|Any CPU
		{672F1862-6870-4B1F-B21F-A013D5C819CC}.Release|Any CPU.Build.0 = Release|Any CPU
	EndGlobalSection
	GlobalSection(SolutionProperties) = preSolution
		HideSolutionNode = FALSE
	EndGlobalSection
	GlobalSection(ExtensibilityGlobals) = postSolution
		SolutionGuid = {436E25E9-AB24-4FD7-928B-38227E5A3A78}
	EndGlobalSection
EndGlobal
