
Microsoft Visual Studio Solution File, Format Version 12.00
# Visual Studio Version 17
VisualStudioVersion = 17.5.33502.453
MinimumVisualStudioVersion = 10.0.40219.1
Project("{FAE04EC0-301F-11D3-BF4B-00C04F79EFBC}") = "COURSE_LEVRIERS_DYN", "COURSE_LEVRIERS_DYN.csproj", "{7CABC528-99C9-45EA-92B0-33609DFD2C44}"
EndProject
Global
	GlobalSection(SolutionConfigurationPlatforms) = preSolution
		Debug|Any CPU = Debug|Any CPU
		Release|Any CPU = Release|Any CPU
	EndGlobalSection
	GlobalSection(ProjectConfigurationPlatforms) = postSolution
		{7CABC528-99C9-45EA-92B0-33609DFD2C44}.Debug|Any CPU.ActiveCfg = Debug|Any CPU
		{7CABC528-99C9-45EA-92B0-33609DFD2C44}.Debug|Any CPU.Build.0 = Debug|Any CPU
		{7CABC528-99C9-45EA-92B0-33609DFD2C44}.Release|Any CPU.ActiveCfg = Release|Any CPU
		{7CABC528-99C9-45EA-92B0-33609DFD2C44}.Release|Any CPU.Build.0 = Release|Any CPU
	EndGlobalSection
	GlobalSection(SolutionProperties) = preSolution
		HideSolutionNode = FALSE
	EndGlobalSection
	GlobalSection(ExtensibilityGlobals) = postSolution
		SolutionGuid = {A33828AB-7E0A-42A3-BA36-954D6252AC3E}
	EndGlobalSection
EndGlobal
