
Microsoft Visual Studio Solution File, Format Version 12.00
# Visual Studio Version 17
VisualStudioVersion = 17.6.33815.320
MinimumVisualStudioVersion = 10.0.40219.1
Project("{FAE04EC0-301F-11D3-BF4B-00C04F79EFBC}") = "NathanM_Act0(4)", "NathanM_Act0(4)\NathanM_Act0(4).csproj", "{619CFBAF-1836-4F3D-AD2E-BD70FC946748}"
EndProject
Global
	GlobalSection(SolutionConfigurationPlatforms) = preSolution
		Debug|Any CPU = Debug|Any CPU
		Release|Any CPU = Release|Any CPU
	EndGlobalSection
	GlobalSection(ProjectConfigurationPlatforms) = postSolution
		{619CFBAF-1836-4F3D-AD2E-BD70FC946748}.Debug|Any CPU.ActiveCfg = Debug|Any CPU
		{619CFBAF-1836-4F3D-AD2E-BD70FC946748}.Debug|Any CPU.Build.0 = Debug|Any CPU
		{619CFBAF-1836-4F3D-AD2E-BD70FC946748}.Release|Any CPU.ActiveCfg = Release|Any CPU
		{619CFBAF-1836-4F3D-AD2E-BD70FC946748}.Release|Any CPU.Build.0 = Release|Any CPU
	EndGlobalSection
	GlobalSection(SolutionProperties) = preSolution
		HideSolutionNode = FALSE
	EndGlobalSection
	GlobalSection(ExtensibilityGlobals) = postSolution
		SolutionGuid = {A95B05C3-9A18-44B4-9908-76E0F0D875ED}
	EndGlobalSection
EndGlobal
