
Microsoft Visual Studio Solution File, Format Version 12.00
# Visual Studio Version 17
VisualStudioVersion = 17.7.34202.233
MinimumVisualStudioVersion = 10.0.40219.1
Project("{FAE04EC0-301F-11D3-BF4B-00C04F79EFBC}") = "Wpf_DynamiqueCreation", "Wpf_DynamiqueCreation\Wpf_DynamiqueCreation.csproj", "{AD41B3D0-83FB-4A3C-B23B-3E42F4406029}"
EndProject
Global
	GlobalSection(SolutionConfigurationPlatforms) = preSolution
		Debug|Any CPU = Debug|Any CPU
		Release|Any CPU = Release|Any CPU
	EndGlobalSection
	GlobalSection(ProjectConfigurationPlatforms) = postSolution
		{AD41B3D0-83FB-4A3C-B23B-3E42F4406029}.Debug|Any CPU.ActiveCfg = Debug|Any CPU
		{AD41B3D0-83FB-4A3C-B23B-3E42F4406029}.Debug|Any CPU.Build.0 = Debug|Any CPU
		{AD41B3D0-83FB-4A3C-B23B-3E42F4406029}.Release|Any CPU.ActiveCfg = Release|Any CPU
		{AD41B3D0-83FB-4A3C-B23B-3E42F4406029}.Release|Any CPU.Build.0 = Release|Any CPU
	EndGlobalSection
	GlobalSection(SolutionProperties) = preSolution
		HideSolutionNode = FALSE
	EndGlobalSection
	GlobalSection(ExtensibilityGlobals) = postSolution
		SolutionGuid = {A2DD8EC4-27CA-4E1D-ADCE-8CD84A507B8F}
	EndGlobalSection
EndGlobal
