
Microsoft Visual Studio Solution File, Format Version 12.00
# Visual Studio Version 17
VisualStudioVersion = 17.6.33815.320
MinimumVisualStudioVersion = 10.0.40219.1
Project("{FAE04EC0-301F-11D3-BF4B-00C04F79EFBC}") = "NathanM_Act0", "NathanM_Act0\NathanM_Act0.csproj", "{31EF119B-681B-422B-9694-CB61416AA03B}"
EndProject
Global
	GlobalSection(SolutionConfigurationPlatforms) = preSolution
		Debug|Any CPU = Debug|Any CPU
		Release|Any CPU = Release|Any CPU
	EndGlobalSection
	GlobalSection(ProjectConfigurationPlatforms) = postSolution
		{31EF119B-681B-422B-9694-CB61416AA03B}.Debug|Any CPU.ActiveCfg = Debug|Any CPU
		{31EF119B-681B-422B-9694-CB61416AA03B}.Debug|Any CPU.Build.0 = Debug|Any CPU
		{31EF119B-681B-422B-9694-CB61416AA03B}.Release|Any CPU.ActiveCfg = Release|Any CPU
		{31EF119B-681B-422B-9694-CB61416AA03B}.Release|Any CPU.Build.0 = Release|Any CPU
	EndGlobalSection
	GlobalSection(SolutionProperties) = preSolution
		HideSolutionNode = FALSE
	EndGlobalSection
	GlobalSection(ExtensibilityGlobals) = postSolution
		SolutionGuid = {3FD2F904-F92B-4025-948A-F7BFC8809ADC}
	EndGlobalSection
EndGlobal
