
Microsoft Visual Studio Solution File, Format Version 12.00
# Visual Studio Version 17
VisualStudioVersion = 17.6.33815.320
MinimumVisualStudioVersion = 10.0.40219.1
Project("{FAE04EC0-301F-11D3-BF4B-00C04F79EFBC}") = "WPF_interDynamique", "WPF_interDynamique\WPF_interDynamique.csproj", "{CF9C038D-88E5-4FAD-A6D6-719F87DB231A}"
EndProject
Global
	GlobalSection(SolutionConfigurationPlatforms) = preSolution
		Debug|Any CPU = Debug|Any CPU
		Release|Any CPU = Release|Any CPU
	EndGlobalSection
	GlobalSection(ProjectConfigurationPlatforms) = postSolution
		{CF9C038D-88E5-4FAD-A6D6-719F87DB231A}.Debug|Any CPU.ActiveCfg = Debug|Any CPU
		{CF9C038D-88E5-4FAD-A6D6-719F87DB231A}.Debug|Any CPU.Build.0 = Debug|Any CPU
		{CF9C038D-88E5-4FAD-A6D6-719F87DB231A}.Release|Any CPU.ActiveCfg = Release|Any CPU
		{CF9C038D-88E5-4FAD-A6D6-719F87DB231A}.Release|Any CPU.Build.0 = Release|Any CPU
	EndGlobalSection
	GlobalSection(SolutionProperties) = preSolution
		HideSolutionNode = FALSE
	EndGlobalSection
	GlobalSection(ExtensibilityGlobals) = postSolution
		SolutionGuid = {FF32A27D-377D-4A2E-9156-6474BABB2F2A}
	EndGlobalSection
EndGlobal
