
Microsoft Visual Studio Solution File, Format Version 12.00
# Visual Studio Version 17
VisualStudioVersion = 17.6.33815.320
MinimumVisualStudioVersion = 10.0.40219.1
Project("{FAE04EC0-301F-11D3-BF4B-00C04F79EFBC}") = "POO_Heritage4", "POO_Heritage4\POO_Heritage4.csproj", "{C92EF393-7363-4BC2-B07D-EA2098DADABF}"
EndProject
Global
	GlobalSection(SolutionConfigurationPlatforms) = preSolution
		Debug|Any CPU = Debug|Any CPU
		Release|Any CPU = Release|Any CPU
	EndGlobalSection
	GlobalSection(ProjectConfigurationPlatforms) = postSolution
		{C92EF393-7363-4BC2-B07D-EA2098DADABF}.Debug|Any CPU.ActiveCfg = Debug|Any CPU
		{C92EF393-7363-4BC2-B07D-EA2098DADABF}.Debug|Any CPU.Build.0 = Debug|Any CPU
		{C92EF393-7363-4BC2-B07D-EA2098DADABF}.Release|Any CPU.ActiveCfg = Release|Any CPU
		{C92EF393-7363-4BC2-B07D-EA2098DADABF}.Release|Any CPU.Build.0 = Release|Any CPU
	EndGlobalSection
	GlobalSection(SolutionProperties) = preSolution
		HideSolutionNode = FALSE
	EndGlobalSection
	GlobalSection(ExtensibilityGlobals) = postSolution
		SolutionGuid = {50182BA7-8BC2-4FE4-B6E4-9E02324588FD}
	EndGlobalSection
EndGlobal
